// !$*UTF8*$!
{
	archiveVersion = 1;
	classes = {
	};
	objectVersion = 46;
	objects = {

/* Begin PBXBuildFile section */
		1CA7A9A05CE36DDDB9612C9C /* libPods-VR_Gallery.a in Frameworks */ = {isa = PBXBuildFile; fileRef = E9A8A98313CE426FEDB01065 /* libPods-VR_Gallery.a */; };
		5C1B22871F1F4BB700FACE64 /* main.m in Sources */ = {isa = PBXBuildFile; fileRef = 5C1B22861F1F4BB700FACE64 /* main.m */; };
		5C1B22921F1F4BB700FACE64 /* Assets.xcassets in Resources */ = {isa = PBXBuildFile; fileRef = 5C1B22911F1F4BB700FACE64 /* Assets.xcassets */; };
		5C1B22951F1F4BB700FACE64 /* LaunchScreen.storyboard in Resources */ = {isa = PBXBuildFile; fileRef = 5C1B22931F1F4BB700FACE64 /* LaunchScreen.storyboard */; };
		5C1B229F1F1F4C0B00FACE64 /* AppDelegate.m in Sources */ = {isa = PBXBuildFile; fileRef = 5C1B229E1F1F4C0B00FACE64 /* AppDelegate.m */; };
		5C1B22A41F204AC000FACE64 /* UIColor+Addition.m in Sources */ = {isa = PBXBuildFile; fileRef = 5C1B22A31F204AC000FACE64 /* UIColor+Addition.m */; };
		5C1B22C11F204B1F00FACE64 /* DACircularProgressView.m in Sources */ = {isa = PBXBuildFile; fileRef = 5C1B22A81F204B1F00FACE64 /* DACircularProgressView.m */; };
		5C1B22C21F204B1F00FACE64 /* DALabeledCircularProgressView.m in Sources */ = {isa = PBXBuildFile; fileRef = 5C1B22AA1F204B1F00FACE64 /* DALabeledCircularProgressView.m */; };
		5C1B22C31F204B1F00FACE64 /* MWCaptionView.m in Sources */ = {isa = PBXBuildFile; fileRef = 5C1B22AD1F204B1F00FACE64 /* MWCaptionView.m */; };
		5C1B22C41F204B1F00FACE64 /* MWGridCell.m in Sources */ = {isa = PBXBuildFile; fileRef = 5C1B22B01F204B1F00FACE64 /* MWGridCell.m */; };
		5C1B22C51F204B1F00FACE64 /* MWGridViewController.m in Sources */ = {isa = PBXBuildFile; fileRef = 5C1B22B21F204B1F00FACE64 /* MWGridViewController.m */; };
		5C1B22C61F204B1F00FACE64 /* MWPhoto.m in Sources */ = {isa = PBXBuildFile; fileRef = 5C1B22B41F204B1F00FACE64 /* MWPhoto.m */; };
		5C1B22C71F204B1F00FACE64 /* MWPhotoBrowser.m in Sources */ = {isa = PBXBuildFile; fileRef = 5C1B22B61F204B1F00FACE64 /* MWPhotoBrowser.m */; };
		5C1B22C81F204B1F00FACE64 /* MWTapDetectingImageView.m in Sources */ = {isa = PBXBuildFile; fileRef = 5C1B22BA1F204B1F00FACE64 /* MWTapDetectingImageView.m */; };
		5C1B22C91F204B1F00FACE64 /* MWTapDetectingView.m in Sources */ = {isa = PBXBuildFile; fileRef = 5C1B22BC1F204B1F00FACE64 /* MWTapDetectingView.m */; };
		5C1B22CA1F204B1F00FACE64 /* MWZoomingScrollView.m in Sources */ = {isa = PBXBuildFile; fileRef = 5C1B22BE1F204B1F00FACE64 /* MWZoomingScrollView.m */; };
		5C1B22CB1F204B1F00FACE64 /* UIImage+MWPhotoBrowser.m in Sources */ = {isa = PBXBuildFile; fileRef = 5C1B22C01F204B1F00FACE64 /* UIImage+MWPhotoBrowser.m */; };
		5C1B22D91F204F5200FACE64 /* Gallery.storyboard in Resources */ = {isa = PBXBuildFile; fileRef = 5C1B22D81F204F5200FACE64 /* Gallery.storyboard */; };
		5C1B22DC1F204FF400FACE64 /* MomentFlowLayout.m in Sources */ = {isa = PBXBuildFile; fileRef = 5C1B22DB1F204FF400FACE64 /* MomentFlowLayout.m */; };
		5C1B22DF1F2051A400FACE64 /* EmptySegue.m in Sources */ = {isa = PBXBuildFile; fileRef = 5C1B22DE1F2051A400FACE64 /* EmptySegue.m */; };
		5C1B22E21F2052F500FACE64 /* MomentCell.m in Sources */ = {isa = PBXBuildFile; fileRef = 5C1B22E11F2052F500FACE64 /* MomentCell.m */; };
		5C1B22E51F20552800FACE64 /* AlbumCell.m in Sources */ = {isa = PBXBuildFile; fileRef = 5C1B22E41F20552800FACE64 /* AlbumCell.m */; };
		5C1B22E81F20576E00FACE64 /* BaseViewController.m in Sources */ = {isa = PBXBuildFile; fileRef = 5C1B22E71F20576E00FACE64 /* BaseViewController.m */; };
		5C1B22EB1F2059CE00FACE64 /* ImageDataAPI.m in Sources */ = {isa = PBXBuildFile; fileRef = 5C1B22EA1F2059CE00FACE64 /* ImageDataAPI.m */; };
		5C1B22EE1F2059FC00FACE64 /* PHSourceManager.m in Sources */ = {isa = PBXBuildFile; fileRef = 5C1B22ED1F2059FC00FACE64 /* PHSourceManager.m */; };
		5C1B22F11F205A4E00FACE64 /* MomentModel.m in Sources */ = {isa = PBXBuildFile; fileRef = 5C1B22F01F205A4E00FACE64 /* MomentModel.m */; };
		5C1B22F41F205A6800FACE64 /* VRMomentModel.m in Sources */ = {isa = PBXBuildFile; fileRef = 5C1B22F31F205A6800FACE64 /* VRMomentModel.m */; };
		5C1B22F71F205A7900FACE64 /* AlbumModel.m in Sources */ = {isa = PBXBuildFile; fileRef = 5C1B22F61F205A7900FACE64 /* AlbumModel.m */; };
		5C1B22FA1F205A8A00FACE64 /* VRAlbumModel.m in Sources */ = {isa = PBXBuildFile; fileRef = 5C1B22F91F205A8A00FACE64 /* VRAlbumModel.m */; };
		5C1B22FD1F205D5C00FACE64 /* BaseDataSource.m in Sources */ = {isa = PBXBuildFile; fileRef = 5C1B22FC1F205D5C00FACE64 /* BaseDataSource.m */; };
		5C1B23001F205E3500FACE64 /* MomentDataSource.m in Sources */ = {isa = PBXBuildFile; fileRef = 5C1B22FF1F205E3500FACE64 /* MomentDataSource.m */; };
		5C1B23031F205EFD00FACE64 /* AlbumDataSource.m in Sources */ = {isa = PBXBuildFile; fileRef = 5C1B23021F205EFD00FACE64 /* AlbumDataSource.m */; };
		5C1B23061F20627900FACE64 /* GalleryViewController.m in Sources */ = {isa = PBXBuildFile; fileRef = 5C1B23051F20627900FACE64 /* GalleryViewController.m */; };
		5C1B230C1F207CC400FACE64 /* ContainerViewController.m in Sources */ = {isa = PBXBuildFile; fileRef = 5C1B230B1F207CC400FACE64 /* ContainerViewController.m */; };
		5C1B230F1F207CEF00FACE64 /* MomentViewController.m in Sources */ = {isa = PBXBuildFile; fileRef = 5C1B230E1F207CEF00FACE64 /* MomentViewController.m */; };
		5C1B23121F207CF900FACE64 /* AlbumViewController.m in Sources */ = {isa = PBXBuildFile; fileRef = 5C1B23111F207CF900FACE64 /* AlbumViewController.m */; };
		5C1B23171F2097C500FACE64 /* SelectFooterView.m in Sources */ = {isa = PBXBuildFile; fileRef = 5C1B23161F2097C500FACE64 /* SelectFooterView.m */; };
		5C1B23201F20C2E000FACE64 /* AlbumPhotoController.m in Sources */ = {isa = PBXBuildFile; fileRef = 5C1B231F1F20C2E000FACE64 /* AlbumPhotoController.m */; };
		5C2D5CB91F2AEB1300DF1871 /* MBProgressText.m in Sources */ = {isa = PBXBuildFile; fileRef = 5C2D5CB81F2AEB1300DF1871 /* MBProgressText.m */; };
		5C5F289A1F219844008A92EA /* AlbumPhotoCell.m in Sources */ = {isa = PBXBuildFile; fileRef = 5C5F28991F219844008A92EA /* AlbumPhotoCell.m */; };
		5C5F289D1F21E0DB008A92EA /* CustomButton.m in Sources */ = {isa = PBXBuildFile; fileRef = 5C5F289C1F21E0DB008A92EA /* CustomButton.m */; };
		5C89A4B41F28621F00732EE6 /* GLUtil.m in Sources */ = {isa = PBXBuildFile; fileRef = 5C89A4851F28621F00732EE6 /* GLUtil.m */; };
		5C89A4B51F28621F00732EE6 /* MD360Director.m in Sources */ = {isa = PBXBuildFile; fileRef = 5C89A4871F28621F00732EE6 /* MD360Director.m */; };
		5C89A4B61F28621F00732EE6 /* MD360Program.m in Sources */ = {isa = PBXBuildFile; fileRef = 5C89A4891F28621F00732EE6 /* MD360Program.m */; };
		5C89A4B71F28621F00732EE6 /* MD360Renderer.m in Sources */ = {isa = PBXBuildFile; fileRef = 5C89A48B1F28621F00732EE6 /* MD360Renderer.m */; };
		5C89A4B81F28621F00732EE6 /* MD360Texture.m in Sources */ = {isa = PBXBuildFile; fileRef = 5C89A48D1F28621F00732EE6 /* MD360Texture.m */; };
		5C89A4B91F28621F00732EE6 /* MDAbsObject3D.m in Sources */ = {isa = PBXBuildFile; fileRef = 5C89A48F1F28621F00732EE6 /* MDAbsObject3D.m */; };
		5C89A4BA1F28621F00732EE6 /* MDDisplayStrategy.m in Sources */ = {isa = PBXBuildFile; fileRef = 5C89A4911F28621F00732EE6 /* MDDisplayStrategy.m */; };
		5C89A4BB1F28621F00732EE6 /* MDDome3D.m in Sources */ = {isa = PBXBuildFile; fileRef = 5C89A4921F28621F00732EE6 /* MDDome3D.m */; };
		5C89A4BC1F28621F00732EE6 /* MDGLKViewController.m in Sources */ = {isa = PBXBuildFile; fileRef = 5C89A4951F28621F00732EE6 /* MDGLKViewController.m */; };
		5C89A4BD1F28621F00732EE6 /* MDIJKAdapter.m in Sources */ = {isa = PBXBuildFile; fileRef = 5C89A4971F28621F00732EE6 /* MDIJKAdapter.m */; };
		5C89A4BE1F28621F00732EE6 /* MDInteractiveStrategy.m in Sources */ = {isa = PBXBuildFile; fileRef = 5C89A4991F28621F00732EE6 /* MDInteractiveStrategy.m */; };
		5C89A4BF1F28621F00732EE6 /* MDModeStrategy.m in Sources */ = {isa = PBXBuildFile; fileRef = 5C89A49B1F28621F00732EE6 /* MDModeStrategy.m */; };
		5C89A4C01F28621F00732EE6 /* MDObject3DHelper.m in Sources */ = {isa = PBXBuildFile; fileRef = 5C89A49D1F28621F00732EE6 /* MDObject3DHelper.m */; };
		5C89A4C11F28621F00732EE6 /* MDPlane.m in Sources */ = {isa = PBXBuildFile; fileRef = 5C89A49E1F28621F00732EE6 /* MDPlane.m */; };
		5C89A4C21F28621F00732EE6 /* MDPlaneScaleCalculator.m in Sources */ = {isa = PBXBuildFile; fileRef = 5C89A4A01F28621F00732EE6 /* MDPlaneScaleCalculator.m */; };
		5C89A4C31F28621F00732EE6 /* MDProjectionStrategy.m in Sources */ = {isa = PBXBuildFile; fileRef = 5C89A4A21F28621F00732EE6 /* MDProjectionStrategy.m */; };
		5C89A4C41F28621F00732EE6 /* MDRGBABitmapTexture.m in Sources */ = {isa = PBXBuildFile; fileRef = 5C89A4A31F28621F00732EE6 /* MDRGBABitmapTexture.m */; };
		5C89A4C51F28621F00732EE6 /* MDRGBAProgram.m in Sources */ = {isa = PBXBuildFile; fileRef = 5C89A4A41F28621F00732EE6 /* MDRGBAProgram.m */; };
		5C89A4C61F28621F00732EE6 /* MDRGBAVideoTexture.m in Sources */ = {isa = PBXBuildFile; fileRef = 5C89A4A51F28621F00732EE6 /* MDRGBAVideoTexture.m */; };
		5C89A4C71F28621F00732EE6 /* MDSphere3D.m in Sources */ = {isa = PBXBuildFile; fileRef = 5C89A4A61F28621F00732EE6 /* MDSphere3D.m */; };
		5C89A4C81F28621F00732EE6 /* MDStereoSphere3D.m in Sources */ = {isa = PBXBuildFile; fileRef = 5C89A4A71F28621F00732EE6 /* MDStereoSphere3D.m */; };
		5C89A4C91F28621F00732EE6 /* MDTouchHelper.m in Sources */ = {isa = PBXBuildFile; fileRef = 5C89A4A91F28621F00732EE6 /* MDTouchHelper.m */; };
		5C89A4CA1F28621F00732EE6 /* MDVideoDataAdatperAVPlayerImpl.m in Sources */ = {isa = PBXBuildFile; fileRef = 5C89A4AC1F28621F00732EE6 /* MDVideoDataAdatperAVPlayerImpl.m */; };
		5C89A4CB1F28621F00732EE6 /* MDVideoFrameAdapter.m in Sources */ = {isa = PBXBuildFile; fileRef = 5C89A4AD1F28621F00732EE6 /* MDVideoFrameAdapter.m */; };
		5C89A4CC1F28621F00732EE6 /* MDVRLibrary.m in Sources */ = {isa = PBXBuildFile; fileRef = 5C89A4B01F28621F00732EE6 /* MDVRLibrary.m */; };
		5C89A4CD1F28621F00732EE6 /* MDYUV420PProgram.m in Sources */ = {isa = PBXBuildFile; fileRef = 5C89A4B11F28621F00732EE6 /* MDYUV420PProgram.m */; };
		5C89A4CE1F28621F00732EE6 /* MDYUV420PVideoTexture.m in Sources */ = {isa = PBXBuildFile; fileRef = 5C89A4B21F28621F00732EE6 /* MDYUV420PVideoTexture.m */; };
		5C89A4CF1F28621F00732EE6 /* vrlibraw.bundle in Resources */ = {isa = PBXBuildFile; fileRef = 5C89A4B31F28621F00732EE6 /* vrlibraw.bundle */; };
		5CC5011F1F25BDDE00A2E06E /* VRPreviewController.m in Sources */ = {isa = PBXBuildFile; fileRef = 5CC5011E1F25BDDE00A2E06E /* VRPreviewController.m */; };
		5CC501221F25C9F400A2E06E /* ToolBar.m in Sources */ = {isa = PBXBuildFile; fileRef = 5CC501211F25C9F400A2E06E /* ToolBar.m */; };
/* End PBXBuildFile section */

/* Begin PBXFileReference section */
		57B1A1C7953545B4140C9E15 /* Pods-VR_Gallery.release.xcconfig */ = {isa = PBXFileReference; includeInIndex = 1; lastKnownFileType = text.xcconfig; name = "Pods-VR_Gallery.release.xcconfig"; path = "Pods/Target Support Files/Pods-VR_Gallery/Pods-VR_Gallery.release.xcconfig"; sourceTree = "<group>"; };
		5C1B22821F1F4BB700FACE64 /* VR_Gallery.app */ = {isa = PBXFileReference; explicitFileType = wrapper.application; includeInIndex = 0; path = VR_Gallery.app; sourceTree = BUILT_PRODUCTS_DIR; };
		5C1B22861F1F4BB700FACE64 /* main.m */ = {isa = PBXFileReference; lastKnownFileType = sourcecode.c.objc; path = main.m; sourceTree = "<group>"; };
		5C1B22911F1F4BB700FACE64 /* Assets.xcassets */ = {isa = PBXFileReference; lastKnownFileType = folder.assetcatalog; path = Assets.xcassets; sourceTree = "<group>"; };
		5C1B22941F1F4BB700FACE64 /* Base */ = {isa = PBXFileReference; lastKnownFileType = file.storyboard; name = Base; path = Base.lproj/LaunchScreen.storyboard; sourceTree = "<group>"; };
		5C1B22961F1F4BB700FACE64 /* Info.plist */ = {isa = PBXFileReference; lastKnownFileType = text.plist.xml; path = Info.plist; sourceTree = "<group>"; };
		5C1B229D1F1F4C0B00FACE64 /* AppDelegate.h */ = {isa = PBXFileReference; fileEncoding = 4; lastKnownFileType = sourcecode.c.h; path = AppDelegate.h; sourceTree = "<group>"; };
		5C1B229E1F1F4C0B00FACE64 /* AppDelegate.m */ = {isa = PBXFileReference; fileEncoding = 4; lastKnownFileType = sourcecode.c.objc; path = AppDelegate.m; sourceTree = "<group>"; };
		5C1B22A01F20495B00FACE64 /* PrefixHeader.pch */ = {isa = PBXFileReference; lastKnownFileType = sourcecode.c.h; path = PrefixHeader.pch; sourceTree = "<group>"; };
		5C1B22A21F204AC000FACE64 /* UIColor+Addition.h */ = {isa = PBXFileReference; fileEncoding = 4; lastKnownFileType = sourcecode.c.h; path = "UIColor+Addition.h"; sourceTree = "<group>"; };
		5C1B22A31F204AC000FACE64 /* UIColor+Addition.m */ = {isa = PBXFileReference; fileEncoding = 4; lastKnownFileType = sourcecode.c.objc; path = "UIColor+Addition.m"; sourceTree = "<group>"; };
		5C1B22A71F204B1F00FACE64 /* DACircularProgressView.h */ = {isa = PBXFileReference; fileEncoding = 4; lastKnownFileType = sourcecode.c.h; path = DACircularProgressView.h; sourceTree = "<group>"; };
		5C1B22A81F204B1F00FACE64 /* DACircularProgressView.m */ = {isa = PBXFileReference; fileEncoding = 4; lastKnownFileType = sourcecode.c.objc; path = DACircularProgressView.m; sourceTree = "<group>"; };
		5C1B22A91F204B1F00FACE64 /* DALabeledCircularProgressView.h */ = {isa = PBXFileReference; fileEncoding = 4; lastKnownFileType = sourcecode.c.h; path = DALabeledCircularProgressView.h; sourceTree = "<group>"; };
		5C1B22AA1F204B1F00FACE64 /* DALabeledCircularProgressView.m */ = {isa = PBXFileReference; fileEncoding = 4; lastKnownFileType = sourcecode.c.objc; path = DALabeledCircularProgressView.m; sourceTree = "<group>"; };
		5C1B22AC1F204B1F00FACE64 /* MWCaptionView.h */ = {isa = PBXFileReference; fileEncoding = 4; lastKnownFileType = sourcecode.c.h; path = MWCaptionView.h; sourceTree = "<group>"; };
		5C1B22AD1F204B1F00FACE64 /* MWCaptionView.m */ = {isa = PBXFileReference; fileEncoding = 4; lastKnownFileType = sourcecode.c.objc; path = MWCaptionView.m; sourceTree = "<group>"; };
		5C1B22AE1F204B1F00FACE64 /* MWCommon.h */ = {isa = PBXFileReference; fileEncoding = 4; lastKnownFileType = sourcecode.c.h; path = MWCommon.h; sourceTree = "<group>"; };
		5C1B22AF1F204B1F00FACE64 /* MWGridCell.h */ = {isa = PBXFileReference; fileEncoding = 4; lastKnownFileType = sourcecode.c.h; path = MWGridCell.h; sourceTree = "<group>"; };
		5C1B22B01F204B1F00FACE64 /* MWGridCell.m */ = {isa = PBXFileReference; fileEncoding = 4; lastKnownFileType = sourcecode.c.objc; path = MWGridCell.m; sourceTree = "<group>"; };
		5C1B22B11F204B1F00FACE64 /* MWGridViewController.h */ = {isa = PBXFileReference; fileEncoding = 4; lastKnownFileType = sourcecode.c.h; path = MWGridViewController.h; sourceTree = "<group>"; };
		5C1B22B21F204B1F00FACE64 /* MWGridViewController.m */ = {isa = PBXFileReference; fileEncoding = 4; lastKnownFileType = sourcecode.c.objc; path = MWGridViewController.m; sourceTree = "<group>"; };
		5C1B22B31F204B1F00FACE64 /* MWPhoto.h */ = {isa = PBXFileReference; fileEncoding = 4; lastKnownFileType = sourcecode.c.h; path = MWPhoto.h; sourceTree = "<group>"; };
		5C1B22B41F204B1F00FACE64 /* MWPhoto.m */ = {isa = PBXFileReference; fileEncoding = 4; lastKnownFileType = sourcecode.c.objc; path = MWPhoto.m; sourceTree = "<group>"; };
		5C1B22B51F204B1F00FACE64 /* MWPhotoBrowser.h */ = {isa = PBXFileReference; fileEncoding = 4; lastKnownFileType = sourcecode.c.h; path = MWPhotoBrowser.h; sourceTree = "<group>"; };
		5C1B22B61F204B1F00FACE64 /* MWPhotoBrowser.m */ = {isa = PBXFileReference; fileEncoding = 4; lastKnownFileType = sourcecode.c.objc; path = MWPhotoBrowser.m; sourceTree = "<group>"; };
		5C1B22B71F204B1F00FACE64 /* MWPhotoBrowserPrivate.h */ = {isa = PBXFileReference; fileEncoding = 4; lastKnownFileType = sourcecode.c.h; path = MWPhotoBrowserPrivate.h; sourceTree = "<group>"; };
		5C1B22B81F204B1F00FACE64 /* MWPhotoProtocol.h */ = {isa = PBXFileReference; fileEncoding = 4; lastKnownFileType = sourcecode.c.h; path = MWPhotoProtocol.h; sourceTree = "<group>"; };
		5C1B22B91F204B1F00FACE64 /* MWTapDetectingImageView.h */ = {isa = PBXFileReference; fileEncoding = 4; lastKnownFileType = sourcecode.c.h; path = MWTapDetectingImageView.h; sourceTree = "<group>"; };
		5C1B22BA1F204B1F00FACE64 /* MWTapDetectingImageView.m */ = {isa = PBXFileReference; fileEncoding = 4; lastKnownFileType = sourcecode.c.objc; path = MWTapDetectingImageView.m; sourceTree = "<group>"; };
		5C1B22BB1F204B1F00FACE64 /* MWTapDetectingView.h */ = {isa = PBXFileReference; fileEncoding = 4; lastKnownFileType = sourcecode.c.h; path = MWTapDetectingView.h; sourceTree = "<group>"; };
		5C1B22BC1F204B1F00FACE64 /* MWTapDetectingView.m */ = {isa = PBXFileReference; fileEncoding = 4; lastKnownFileType = sourcecode.c.objc; path = MWTapDetectingView.m; sourceTree = "<group>"; };
		5C1B22BD1F204B1F00FACE64 /* MWZoomingScrollView.h */ = {isa = PBXFileReference; fileEncoding = 4; lastKnownFileType = sourcecode.c.h; path = MWZoomingScrollView.h; sourceTree = "<group>"; };
		5C1B22BE1F204B1F00FACE64 /* MWZoomingScrollView.m */ = {isa = PBXFileReference; fileEncoding = 4; lastKnownFileType = sourcecode.c.objc; path = MWZoomingScrollView.m; sourceTree = "<group>"; };
		5C1B22BF1F204B1F00FACE64 /* UIImage+MWPhotoBrowser.h */ = {isa = PBXFileReference; fileEncoding = 4; lastKnownFileType = sourcecode.c.h; path = "UIImage+MWPhotoBrowser.h"; sourceTree = "<group>"; };
		5C1B22C01F204B1F00FACE64 /* UIImage+MWPhotoBrowser.m */ = {isa = PBXFileReference; fileEncoding = 4; lastKnownFileType = sourcecode.c.objc; path = "UIImage+MWPhotoBrowser.m"; sourceTree = "<group>"; };
		5C1B22D81F204F5200FACE64 /* Gallery.storyboard */ = {isa = PBXFileReference; fileEncoding = 4; lastKnownFileType = file.storyboard; path = Gallery.storyboard; sourceTree = "<group>"; };
		5C1B22DA1F204FF400FACE64 /* MomentFlowLayout.h */ = {isa = PBXFileReference; fileEncoding = 4; lastKnownFileType = sourcecode.c.h; path = MomentFlowLayout.h; sourceTree = "<group>"; };
		5C1B22DB1F204FF400FACE64 /* MomentFlowLayout.m */ = {isa = PBXFileReference; fileEncoding = 4; lastKnownFileType = sourcecode.c.objc; path = MomentFlowLayout.m; sourceTree = "<group>"; };
		5C1B22DD1F2051A400FACE64 /* EmptySegue.h */ = {isa = PBXFileReference; fileEncoding = 4; lastKnownFileType = sourcecode.c.h; path = EmptySegue.h; sourceTree = "<group>"; };
		5C1B22DE1F2051A400FACE64 /* EmptySegue.m */ = {isa = PBXFileReference; fileEncoding = 4; lastKnownFileType = sourcecode.c.objc; path = EmptySegue.m; sourceTree = "<group>"; };
		5C1B22E01F2052F500FACE64 /* MomentCell.h */ = {isa = PBXFileReference; fileEncoding = 4; lastKnownFileType = sourcecode.c.h; path = MomentCell.h; sourceTree = "<group>"; };
		5C1B22E11F2052F500FACE64 /* MomentCell.m */ = {isa = PBXFileReference; fileEncoding = 4; lastKnownFileType = sourcecode.c.objc; path = MomentCell.m; sourceTree = "<group>"; };
		5C1B22E31F20552800FACE64 /* AlbumCell.h */ = {isa = PBXFileReference; fileEncoding = 4; lastKnownFileType = sourcecode.c.h; path = AlbumCell.h; sourceTree = "<group>"; };
		5C1B22E41F20552800FACE64 /* AlbumCell.m */ = {isa = PBXFileReference; fileEncoding = 4; lastKnownFileType = sourcecode.c.objc; path = AlbumCell.m; sourceTree = "<group>"; };
		5C1B22E61F20576E00FACE64 /* BaseViewController.h */ = {isa = PBXFileReference; fileEncoding = 4; lastKnownFileType = sourcecode.c.h; path = BaseViewController.h; sourceTree = "<group>"; };
		5C1B22E71F20576E00FACE64 /* BaseViewController.m */ = {isa = PBXFileReference; fileEncoding = 4; lastKnownFileType = sourcecode.c.objc; path = BaseViewController.m; sourceTree = "<group>"; };
		5C1B22E91F2059CE00FACE64 /* ImageDataAPI.h */ = {isa = PBXFileReference; fileEncoding = 4; lastKnownFileType = sourcecode.c.h; path = ImageDataAPI.h; sourceTree = "<group>"; };
		5C1B22EA1F2059CE00FACE64 /* ImageDataAPI.m */ = {isa = PBXFileReference; fileEncoding = 4; lastKnownFileType = sourcecode.c.objc; path = ImageDataAPI.m; sourceTree = "<group>"; };
		5C1B22EC1F2059FC00FACE64 /* PHSourceManager.h */ = {isa = PBXFileReference; fileEncoding = 4; lastKnownFileType = sourcecode.c.h; path = PHSourceManager.h; sourceTree = "<group>"; };
		5C1B22ED1F2059FC00FACE64 /* PHSourceManager.m */ = {isa = PBXFileReference; fileEncoding = 4; lastKnownFileType = sourcecode.c.objc; path = PHSourceManager.m; sourceTree = "<group>"; };
		5C1B22EF1F205A4E00FACE64 /* MomentModel.h */ = {isa = PBXFileReference; fileEncoding = 4; lastKnownFileType = sourcecode.c.h; path = MomentModel.h; sourceTree = "<group>"; };
		5C1B22F01F205A4E00FACE64 /* MomentModel.m */ = {isa = PBXFileReference; fileEncoding = 4; lastKnownFileType = sourcecode.c.objc; path = MomentModel.m; sourceTree = "<group>"; };
		5C1B22F21F205A6800FACE64 /* VRMomentModel.h */ = {isa = PBXFileReference; fileEncoding = 4; lastKnownFileType = sourcecode.c.h; path = VRMomentModel.h; sourceTree = "<group>"; };
		5C1B22F31F205A6800FACE64 /* VRMomentModel.m */ = {isa = PBXFileReference; fileEncoding = 4; lastKnownFileType = sourcecode.c.objc; path = VRMomentModel.m; sourceTree = "<group>"; };
		5C1B22F51F205A7900FACE64 /* AlbumModel.h */ = {isa = PBXFileReference; fileEncoding = 4; lastKnownFileType = sourcecode.c.h; path = AlbumModel.h; sourceTree = "<group>"; };
		5C1B22F61F205A7900FACE64 /* AlbumModel.m */ = {isa = PBXFileReference; fileEncoding = 4; lastKnownFileType = sourcecode.c.objc; path = AlbumModel.m; sourceTree = "<group>"; };
		5C1B22F81F205A8A00FACE64 /* VRAlbumModel.h */ = {isa = PBXFileReference; fileEncoding = 4; lastKnownFileType = sourcecode.c.h; path = VRAlbumModel.h; sourceTree = "<group>"; };
		5C1B22F91F205A8A00FACE64 /* VRAlbumModel.m */ = {isa = PBXFileReference; fileEncoding = 4; lastKnownFileType = sourcecode.c.objc; path = VRAlbumModel.m; sourceTree = "<group>"; };
		5C1B22FB1F205D5C00FACE64 /* BaseDataSource.h */ = {isa = PBXFileReference; fileEncoding = 4; lastKnownFileType = sourcecode.c.h; path = BaseDataSource.h; sourceTree = "<group>"; };
		5C1B22FC1F205D5C00FACE64 /* BaseDataSource.m */ = {isa = PBXFileReference; fileEncoding = 4; lastKnownFileType = sourcecode.c.objc; path = BaseDataSource.m; sourceTree = "<group>"; };
		5C1B22FE1F205E3500FACE64 /* MomentDataSource.h */ = {isa = PBXFileReference; fileEncoding = 4; lastKnownFileType = sourcecode.c.h; path = MomentDataSource.h; sourceTree = "<group>"; };
		5C1B22FF1F205E3500FACE64 /* MomentDataSource.m */ = {isa = PBXFileReference; fileEncoding = 4; lastKnownFileType = sourcecode.c.objc; path = MomentDataSource.m; sourceTree = "<group>"; };
		5C1B23011F205EFD00FACE64 /* AlbumDataSource.h */ = {isa = PBXFileReference; fileEncoding = 4; lastKnownFileType = sourcecode.c.h; path = AlbumDataSource.h; sourceTree = "<group>"; };
		5C1B23021F205EFD00FACE64 /* AlbumDataSource.m */ = {isa = PBXFileReference; fileEncoding = 4; lastKnownFileType = sourcecode.c.objc; path = AlbumDataSource.m; sourceTree = "<group>"; };
		5C1B23041F20627900FACE64 /* GalleryViewController.h */ = {isa = PBXFileReference; fileEncoding = 4; lastKnownFileType = sourcecode.c.h; path = GalleryViewController.h; sourceTree = "<group>"; };
		5C1B23051F20627900FACE64 /* GalleryViewController.m */ = {isa = PBXFileReference; fileEncoding = 4; lastKnownFileType = sourcecode.c.objc; path = GalleryViewController.m; sourceTree = "<group>"; };
		5C1B230A1F207CC400FACE64 /* ContainerViewController.h */ = {isa = PBXFileReference; fileEncoding = 4; lastKnownFileType = sourcecode.c.h; path = ContainerViewController.h; sourceTree = "<group>"; };
		5C1B230B1F207CC400FACE64 /* ContainerViewController.m */ = {isa = PBXFileReference; fileEncoding = 4; lastKnownFileType = sourcecode.c.objc; path = ContainerViewController.m; sourceTree = "<group>"; };
		5C1B230D1F207CEF00FACE64 /* MomentViewController.h */ = {isa = PBXFileReference; fileEncoding = 4; lastKnownFileType = sourcecode.c.h; path = MomentViewController.h; sourceTree = "<group>"; };
		5C1B230E1F207CEF00FACE64 /* MomentViewController.m */ = {isa = PBXFileReference; fileEncoding = 4; lastKnownFileType = sourcecode.c.objc; path = MomentViewController.m; sourceTree = "<group>"; };
		5C1B23101F207CF900FACE64 /* AlbumViewController.h */ = {isa = PBXFileReference; fileEncoding = 4; lastKnownFileType = sourcecode.c.h; path = AlbumViewController.h; sourceTree = "<group>"; };
		5C1B23111F207CF900FACE64 /* AlbumViewController.m */ = {isa = PBXFileReference; fileEncoding = 4; lastKnownFileType = sourcecode.c.objc; path = AlbumViewController.m; sourceTree = "<group>"; };
		5C1B23151F2097C500FACE64 /* SelectFooterView.h */ = {isa = PBXFileReference; fileEncoding = 4; lastKnownFileType = sourcecode.c.h; path = SelectFooterView.h; sourceTree = "<group>"; };
		5C1B23161F2097C500FACE64 /* SelectFooterView.m */ = {isa = PBXFileReference; fileEncoding = 4; lastKnownFileType = sourcecode.c.objc; path = SelectFooterView.m; sourceTree = "<group>"; };
		5C1B231E1F20C2E000FACE64 /* AlbumPhotoController.h */ = {isa = PBXFileReference; fileEncoding = 4; lastKnownFileType = sourcecode.c.h; path = AlbumPhotoController.h; sourceTree = "<group>"; };
		5C1B231F1F20C2E000FACE64 /* AlbumPhotoController.m */ = {isa = PBXFileReference; fileEncoding = 4; lastKnownFileType = sourcecode.c.objc; path = AlbumPhotoController.m; sourceTree = "<group>"; };
		5C2D5CB71F2AEB1300DF1871 /* MBProgressText.h */ = {isa = PBXFileReference; fileEncoding = 4; lastKnownFileType = sourcecode.c.h; path = MBProgressText.h; sourceTree = "<group>"; };
		5C2D5CB81F2AEB1300DF1871 /* MBProgressText.m */ = {isa = PBXFileReference; fileEncoding = 4; lastKnownFileType = sourcecode.c.objc; path = MBProgressText.m; sourceTree = "<group>"; };
		5C5F28981F219844008A92EA /* AlbumPhotoCell.h */ = {isa = PBXFileReference; fileEncoding = 4; lastKnownFileType = sourcecode.c.h; path = AlbumPhotoCell.h; sourceTree = "<group>"; };
		5C5F28991F219844008A92EA /* AlbumPhotoCell.m */ = {isa = PBXFileReference; fileEncoding = 4; lastKnownFileType = sourcecode.c.objc; path = AlbumPhotoCell.m; sourceTree = "<group>"; };
		5C5F289B1F21E0DB008A92EA /* CustomButton.h */ = {isa = PBXFileReference; fileEncoding = 4; lastKnownFileType = sourcecode.c.h; path = CustomButton.h; sourceTree = "<group>"; };
		5C5F289C1F21E0DB008A92EA /* CustomButton.m */ = {isa = PBXFileReference; fileEncoding = 4; lastKnownFileType = sourcecode.c.objc; path = CustomButton.m; sourceTree = "<group>"; };
		5C89A4841F28621F00732EE6 /* GLUtil.h */ = {isa = PBXFileReference; fileEncoding = 4; lastKnownFileType = sourcecode.c.h; path = GLUtil.h; sourceTree = "<group>"; };
		5C89A4851F28621F00732EE6 /* GLUtil.m */ = {isa = PBXFileReference; fileEncoding = 4; lastKnownFileType = sourcecode.c.objc; path = GLUtil.m; sourceTree = "<group>"; };
		5C89A4861F28621F00732EE6 /* MD360Director.h */ = {isa = PBXFileReference; fileEncoding = 4; lastKnownFileType = sourcecode.c.h; path = MD360Director.h; sourceTree = "<group>"; };
		5C89A4871F28621F00732EE6 /* MD360Director.m */ = {isa = PBXFileReference; fileEncoding = 4; lastKnownFileType = sourcecode.c.objc; path = MD360Director.m; sourceTree = "<group>"; };
		5C89A4881F28621F00732EE6 /* MD360Program.h */ = {isa = PBXFileReference; fileEncoding = 4; lastKnownFileType = sourcecode.c.h; path = MD360Program.h; sourceTree = "<group>"; };
		5C89A4891F28621F00732EE6 /* MD360Program.m */ = {isa = PBXFileReference; fileEncoding = 4; lastKnownFileType = sourcecode.c.objc; path = MD360Program.m; sourceTree = "<group>"; };
		5C89A48A1F28621F00732EE6 /* MD360Renderer.h */ = {isa = PBXFileReference; fileEncoding = 4; lastKnownFileType = sourcecode.c.h; path = MD360Renderer.h; sourceTree = "<group>"; };
		5C89A48B1F28621F00732EE6 /* MD360Renderer.m */ = {isa = PBXFileReference; fileEncoding = 4; lastKnownFileType = sourcecode.c.objc; path = MD360Renderer.m; sourceTree = "<group>"; };
		5C89A48C1F28621F00732EE6 /* MD360Texture.h */ = {isa = PBXFileReference; fileEncoding = 4; lastKnownFileType = sourcecode.c.h; path = MD360Texture.h; sourceTree = "<group>"; };
		5C89A48D1F28621F00732EE6 /* MD360Texture.m */ = {isa = PBXFileReference; fileEncoding = 4; lastKnownFileType = sourcecode.c.objc; path = MD360Texture.m; sourceTree = "<group>"; };
		5C89A48E1F28621F00732EE6 /* MDAbsObject3D.h */ = {isa = PBXFileReference; fileEncoding = 4; lastKnownFileType = sourcecode.c.h; path = MDAbsObject3D.h; sourceTree = "<group>"; };
		5C89A48F1F28621F00732EE6 /* MDAbsObject3D.m */ = {isa = PBXFileReference; fileEncoding = 4; lastKnownFileType = sourcecode.c.objc; path = MDAbsObject3D.m; sourceTree = "<group>"; };
		5C89A4901F28621F00732EE6 /* MDDisplayStrategy.h */ = {isa = PBXFileReference; fileEncoding = 4; lastKnownFileType = sourcecode.c.h; path = MDDisplayStrategy.h; sourceTree = "<group>"; };
		5C89A4911F28621F00732EE6 /* MDDisplayStrategy.m */ = {isa = PBXFileReference; fileEncoding = 4; lastKnownFileType = sourcecode.c.objc; path = MDDisplayStrategy.m; sourceTree = "<group>"; };
		5C89A4921F28621F00732EE6 /* MDDome3D.m */ = {isa = PBXFileReference; fileEncoding = 4; lastKnownFileType = sourcecode.c.objc; path = MDDome3D.m; sourceTree = "<group>"; };
		5C89A4931F28621F00732EE6 /* MDExt.h */ = {isa = PBXFileReference; fileEncoding = 4; lastKnownFileType = sourcecode.c.h; path = MDExt.h; sourceTree = "<group>"; };
		5C89A4941F28621F00732EE6 /* MDGLKViewController.h */ = {isa = PBXFileReference; fileEncoding = 4; lastKnownFileType = sourcecode.c.h; path = MDGLKViewController.h; sourceTree = "<group>"; };
		5C89A4951F28621F00732EE6 /* MDGLKViewController.m */ = {isa = PBXFileReference; fileEncoding = 4; lastKnownFileType = sourcecode.c.objc; path = MDGLKViewController.m; sourceTree = "<group>"; };
		5C89A4961F28621F00732EE6 /* MDGLRendererDelegate.h */ = {isa = PBXFileReference; fileEncoding = 4; lastKnownFileType = sourcecode.c.h; path = MDGLRendererDelegate.h; sourceTree = "<group>"; };
		5C89A4971F28621F00732EE6 /* MDIJKAdapter.m */ = {isa = PBXFileReference; fileEncoding = 4; lastKnownFileType = sourcecode.c.objc; path = MDIJKAdapter.m; sourceTree = "<group>"; };
		5C89A4981F28621F00732EE6 /* MDInteractiveStrategy.h */ = {isa = PBXFileReference; fileEncoding = 4; lastKnownFileType = sourcecode.c.h; path = MDInteractiveStrategy.h; sourceTree = "<group>"; };
		5C89A4991F28621F00732EE6 /* MDInteractiveStrategy.m */ = {isa = PBXFileReference; fileEncoding = 4; lastKnownFileType = sourcecode.c.objc; path = MDInteractiveStrategy.m; sourceTree = "<group>"; };
		5C89A49A1F28621F00732EE6 /* MDModeStrategy.h */ = {isa = PBXFileReference; fileEncoding = 4; lastKnownFileType = sourcecode.c.h; path = MDModeStrategy.h; sourceTree = "<group>"; };
		5C89A49B1F28621F00732EE6 /* MDModeStrategy.m */ = {isa = PBXFileReference; fileEncoding = 4; lastKnownFileType = sourcecode.c.objc; path = MDModeStrategy.m; sourceTree = "<group>"; };
		5C89A49C1F28621F00732EE6 /* MDObject3DHelper.h */ = {isa = PBXFileReference; fileEncoding = 4; lastKnownFileType = sourcecode.c.h; path = MDObject3DHelper.h; sourceTree = "<group>"; };
		5C89A49D1F28621F00732EE6 /* MDObject3DHelper.m */ = {isa = PBXFileReference; fileEncoding = 4; lastKnownFileType = sourcecode.c.objc; path = MDObject3DHelper.m; sourceTree = "<group>"; };
		5C89A49E1F28621F00732EE6 /* MDPlane.m */ = {isa = PBXFileReference; fileEncoding = 4; lastKnownFileType = sourcecode.c.objc; path = MDPlane.m; sourceTree = "<group>"; };
		5C89A49F1F28621F00732EE6 /* MDPlaneScaleCalculator.h */ = {isa = PBXFileReference; fileEncoding = 4; lastKnownFileType = sourcecode.c.h; path = MDPlaneScaleCalculator.h; sourceTree = "<group>"; };
		5C89A4A01F28621F00732EE6 /* MDPlaneScaleCalculator.m */ = {isa = PBXFileReference; fileEncoding = 4; lastKnownFileType = sourcecode.c.objc; path = MDPlaneScaleCalculator.m; sourceTree = "<group>"; };
		5C89A4A11F28621F00732EE6 /* MDProjectionStrategy.h */ = {isa = PBXFileReference; fileEncoding = 4; lastKnownFileType = sourcecode.c.h; path = MDProjectionStrategy.h; sourceTree = "<group>"; };
		5C89A4A21F28621F00732EE6 /* MDProjectionStrategy.m */ = {isa = PBXFileReference; fileEncoding = 4; lastKnownFileType = sourcecode.c.objc; path = MDProjectionStrategy.m; sourceTree = "<group>"; };
		5C89A4A31F28621F00732EE6 /* MDRGBABitmapTexture.m */ = {isa = PBXFileReference; fileEncoding = 4; lastKnownFileType = sourcecode.c.objc; path = MDRGBABitmapTexture.m; sourceTree = "<group>"; };
		5C89A4A41F28621F00732EE6 /* MDRGBAProgram.m */ = {isa = PBXFileReference; fileEncoding = 4; lastKnownFileType = sourcecode.c.objc; path = MDRGBAProgram.m; sourceTree = "<group>"; };
		5C89A4A51F28621F00732EE6 /* MDRGBAVideoTexture.m */ = {isa = PBXFileReference; fileEncoding = 4; lastKnownFileType = sourcecode.c.objc; path = MDRGBAVideoTexture.m; sourceTree = "<group>"; };
		5C89A4A61F28621F00732EE6 /* MDSphere3D.m */ = {isa = PBXFileReference; fileEncoding = 4; lastKnownFileType = sourcecode.c.objc; path = MDSphere3D.m; sourceTree = "<group>"; };
		5C89A4A71F28621F00732EE6 /* MDStereoSphere3D.m */ = {isa = PBXFileReference; fileEncoding = 4; lastKnownFileType = sourcecode.c.objc; path = MDStereoSphere3D.m; sourceTree = "<group>"; };
		5C89A4A81F28621F00732EE6 /* MDTouchHelper.h */ = {isa = PBXFileReference; fileEncoding = 4; lastKnownFileType = sourcecode.c.h; path = MDTouchHelper.h; sourceTree = "<group>"; };
		5C89A4A91F28621F00732EE6 /* MDTouchHelper.m */ = {isa = PBXFileReference; fileEncoding = 4; lastKnownFileType = sourcecode.c.objc; path = MDTouchHelper.m; sourceTree = "<group>"; };
		5C89A4AA1F28621F00732EE6 /* MDVideoDataAdapter.h */ = {isa = PBXFileReference; fileEncoding = 4; lastKnownFileType = sourcecode.c.h; path = MDVideoDataAdapter.h; sourceTree = "<group>"; };
		5C89A4AB1F28621F00732EE6 /* MDVideoDataAdatperAVPlayerImpl.h */ = {isa = PBXFileReference; fileEncoding = 4; lastKnownFileType = sourcecode.c.h; path = MDVideoDataAdatperAVPlayerImpl.h; sourceTree = "<group>"; };
		5C89A4AC1F28621F00732EE6 /* MDVideoDataAdatperAVPlayerImpl.m */ = {isa = PBXFileReference; fileEncoding = 4; lastKnownFileType = sourcecode.c.objc; path = MDVideoDataAdatperAVPlayerImpl.m; sourceTree = "<group>"; };
		5C89A4AD1F28621F00732EE6 /* MDVideoFrameAdapter.m */ = {isa = PBXFileReference; fileEncoding = 4; lastKnownFileType = sourcecode.c.objc; path = MDVideoFrameAdapter.m; sourceTree = "<group>"; };
		5C89A4AE1F28621F00732EE6 /* MDVRHeader.h */ = {isa = PBXFileReference; fileEncoding = 4; lastKnownFileType = sourcecode.c.h; path = MDVRHeader.h; sourceTree = "<group>"; };
		5C89A4AF1F28621F00732EE6 /* MDVRLibrary.h */ = {isa = PBXFileReference; fileEncoding = 4; lastKnownFileType = sourcecode.c.h; path = MDVRLibrary.h; sourceTree = "<group>"; };
		5C89A4B01F28621F00732EE6 /* MDVRLibrary.m */ = {isa = PBXFileReference; fileEncoding = 4; lastKnownFileType = sourcecode.c.objc; path = MDVRLibrary.m; sourceTree = "<group>"; };
		5C89A4B11F28621F00732EE6 /* MDYUV420PProgram.m */ = {isa = PBXFileReference; fileEncoding = 4; lastKnownFileType = sourcecode.c.objc; path = MDYUV420PProgram.m; sourceTree = "<group>"; };
		5C89A4B21F28621F00732EE6 /* MDYUV420PVideoTexture.m */ = {isa = PBXFileReference; fileEncoding = 4; lastKnownFileType = sourcecode.c.objc; path = MDYUV420PVideoTexture.m; sourceTree = "<group>"; };
		5C89A4B31F28621F00732EE6 /* vrlibraw.bundle */ = {isa = PBXFileReference; lastKnownFileType = "wrapper.plug-in"; path = vrlibraw.bundle; sourceTree = "<group>"; };
		5CC5011D1F25BDDE00A2E06E /* VRPreviewController.h */ = {isa = PBXFileReference; fileEncoding = 4; lastKnownFileType = sourcecode.c.h; path = VRPreviewController.h; sourceTree = "<group>"; };
		5CC5011E1F25BDDE00A2E06E /* VRPreviewController.m */ = {isa = PBXFileReference; fileEncoding = 4; lastKnownFileType = sourcecode.c.objc; path = VRPreviewController.m; sourceTree = "<group>"; };
		5CC501201F25C9F400A2E06E /* ToolBar.h */ = {isa = PBXFileReference; fileEncoding = 4; lastKnownFileType = sourcecode.c.h; path = ToolBar.h; sourceTree = "<group>"; };
		5CC501211F25C9F400A2E06E /* ToolBar.m */ = {isa = PBXFileReference; fileEncoding = 4; lastKnownFileType = sourcecode.c.objc; path = ToolBar.m; sourceTree = "<group>"; };
		E9A8A98313CE426FEDB01065 /* libPods-VR_Gallery.a */ = {isa = PBXFileReference; explicitFileType = archive.ar; includeInIndex = 0; path = "libPods-VR_Gallery.a"; sourceTree = BUILT_PRODUCTS_DIR; };
		F205431E903014D09100CD0E /* Pods-VR_Gallery.debug.xcconfig */ = {isa = PBXFileReference; includeInIndex = 1; lastKnownFileType = text.xcconfig; name = "Pods-VR_Gallery.debug.xcconfig"; path = "Pods/Target Support Files/Pods-VR_Gallery/Pods-VR_Gallery.debug.xcconfig"; sourceTree = "<group>"; };
/* End PBXFileReference section */

/* Begin PBXFrameworksBuildPhase section */
		5C1B227F1F1F4BB700FACE64 /* Frameworks */ = {
			isa = PBXFrameworksBuildPhase;
			buildActionMask = 2147483647;
			files = (
				1CA7A9A05CE36DDDB9612C9C /* libPods-VR_Gallery.a in Frameworks */,
			);
			runOnlyForDeploymentPostprocessing = 0;
		};
/* End PBXFrameworksBuildPhase section */

/* Begin PBXGroup section */
		5C1B22791F1F4BB700FACE64 = {
			isa = PBXGroup;
			children = (
				5C1B22841F1F4BB700FACE64 /* VR_Gallery */,
				5C1B22831F1F4BB700FACE64 /* Products */,
				8C7ADDC1275EE367D1AE2EC4 /* Pods */,
				EA75F6973A6AD05A2D2A5CE9 /* Frameworks */,
			);
			sourceTree = "<group>";
		};
		5C1B22831F1F4BB700FACE64 /* Products */ = {
			isa = PBXGroup;
			children = (
				5C1B22821F1F4BB700FACE64 /* VR_Gallery.app */,
			);
			name = Products;
			sourceTree = "<group>";
		};
		5C1B22841F1F4BB700FACE64 /* VR_Gallery */ = {
			isa = PBXGroup;
			children = (
				5C1B229C1F1F4C0B00FACE64 /* Application */,
				5C1B22A11F204AB000FACE64 /* Extension */,
				5C2D5CB61F2AEAB800DF1871 /* Tool */,
				5C1B22CC1F204D0D00FACE64 /* Gallery */,
				5CC5011A1F25BD8F00A2E06E /* VR_Preview */,
				5C1B22A51F204B1600FACE64 /* Vendor */,
				5C1B22851F1F4BB700FACE64 /* Supporting Files */,
			);
			path = VR_Gallery;
			sourceTree = "<group>";
		};
		5C1B22851F1F4BB700FACE64 /* Supporting Files */ = {
			isa = PBXGroup;
			children = (
				5C1B22911F1F4BB700FACE64 /* Assets.xcassets */,
				5C1B22931F1F4BB700FACE64 /* LaunchScreen.storyboard */,
				5C1B22961F1F4BB700FACE64 /* Info.plist */,
				5C1B22861F1F4BB700FACE64 /* main.m */,
			);
			name = "Supporting Files";
			sourceTree = "<group>";
		};
		5C1B229C1F1F4C0B00FACE64 /* Application */ = {
			isa = PBXGroup;
			children = (
				5C1B229D1F1F4C0B00FACE64 /* AppDelegate.h */,
				5C1B229E1F1F4C0B00FACE64 /* AppDelegate.m */,
				5C1B22A01F20495B00FACE64 /* PrefixHeader.pch */,
			);
			path = Application;
			sourceTree = "<group>";
		};
		5C1B22A11F204AB000FACE64 /* Extension */ = {
			isa = PBXGroup;
			children = (
				5C1B22A21F204AC000FACE64 /* UIColor+Addition.h */,
				5C1B22A31F204AC000FACE64 /* UIColor+Addition.m */,
				5C5F289B1F21E0DB008A92EA /* CustomButton.h */,
				5C5F289C1F21E0DB008A92EA /* CustomButton.m */,
			);
			path = Extension;
			sourceTree = "<group>";
		};
		5C1B22A51F204B1600FACE64 /* Vendor */ = {
			isa = PBXGroup;
			children = (
				5C89A4831F28621F00732EE6 /* MDVRLibrary */,
				5C1B22AB1F204B1F00FACE64 /* MWPhotoBrowser */,
				5C1B22A61F204B1F00FACE64 /* DACircularProgress */,
			);
			path = Vendor;
			sourceTree = "<group>";
		};
		5C1B22A61F204B1F00FACE64 /* DACircularProgress */ = {
			isa = PBXGroup;
			children = (
				5C1B22A71F204B1F00FACE64 /* DACircularProgressView.h */,
				5C1B22A81F204B1F00FACE64 /* DACircularProgressView.m */,
				5C1B22A91F204B1F00FACE64 /* DALabeledCircularProgressView.h */,
				5C1B22AA1F204B1F00FACE64 /* DALabeledCircularProgressView.m */,
			);
			path = DACircularProgress;
			sourceTree = "<group>";
		};
		5C1B22AB1F204B1F00FACE64 /* MWPhotoBrowser */ = {
			isa = PBXGroup;
			children = (
				5C1B22AC1F204B1F00FACE64 /* MWCaptionView.h */,
				5C1B22AD1F204B1F00FACE64 /* MWCaptionView.m */,
				5C1B22AE1F204B1F00FACE64 /* MWCommon.h */,
				5C1B22AF1F204B1F00FACE64 /* MWGridCell.h */,
				5C1B22B01F204B1F00FACE64 /* MWGridCell.m */,
				5C1B22B11F204B1F00FACE64 /* MWGridViewController.h */,
				5C1B22B21F204B1F00FACE64 /* MWGridViewController.m */,
				5C1B22B31F204B1F00FACE64 /* MWPhoto.h */,
				5C1B22B41F204B1F00FACE64 /* MWPhoto.m */,
				5C1B22B51F204B1F00FACE64 /* MWPhotoBrowser.h */,
				5C1B22B61F204B1F00FACE64 /* MWPhotoBrowser.m */,
				5C1B22B71F204B1F00FACE64 /* MWPhotoBrowserPrivate.h */,
				5C1B22B81F204B1F00FACE64 /* MWPhotoProtocol.h */,
				5C1B22B91F204B1F00FACE64 /* MWTapDetectingImageView.h */,
				5C1B22BA1F204B1F00FACE64 /* MWTapDetectingImageView.m */,
				5C1B22BB1F204B1F00FACE64 /* MWTapDetectingView.h */,
				5C1B22BC1F204B1F00FACE64 /* MWTapDetectingView.m */,
				5C1B22BD1F204B1F00FACE64 /* MWZoomingScrollView.h */,
				5C1B22BE1F204B1F00FACE64 /* MWZoomingScrollView.m */,
				5C1B22BF1F204B1F00FACE64 /* UIImage+MWPhotoBrowser.h */,
				5C1B22C01F204B1F00FACE64 /* UIImage+MWPhotoBrowser.m */,
			);
			path = MWPhotoBrowser;
			sourceTree = "<group>";
		};
		5C1B22CC1F204D0D00FACE64 /* Gallery */ = {
			isa = PBXGroup;
			children = (
				5C1B22CD1F204D0D00FACE64 /* Cell */,
				5C1B22CE1F204D0D00FACE64 /* Controller */,
				5C1B22D01F204D0D00FACE64 /* DataManager */,
				5C1B22D11F204D0D00FACE64 /* DataModel */,
				5C1B22D21F204D0D00FACE64 /* DataSource */,
				5C1B22D31F204D0D00FACE64 /* Layout */,
				5C1B22D41F204D0D00FACE64 /* View */,
				5C1B22D81F204F5200FACE64 /* Gallery.storyboard */,
			);
			path = Gallery;
			sourceTree = "<group>";
		};
		5C1B22CD1F204D0D00FACE64 /* Cell */ = {
			isa = PBXGroup;
			children = (
				5C1B22E01F2052F500FACE64 /* MomentCell.h */,
				5C1B22E11F2052F500FACE64 /* MomentCell.m */,
				5C1B22E31F20552800FACE64 /* AlbumCell.h */,
				5C1B22E41F20552800FACE64 /* AlbumCell.m */,
				5C5F28981F219844008A92EA /* AlbumPhotoCell.h */,
				5C5F28991F219844008A92EA /* AlbumPhotoCell.m */,
			);
			path = Cell;
			sourceTree = "<group>";
		};
		5C1B22CE1F204D0D00FACE64 /* Controller */ = {
			isa = PBXGroup;
			children = (
				5C1B22CF1F204D0D00FACE64 /* ChildController */,
				5C1B22E61F20576E00FACE64 /* BaseViewController.h */,
				5C1B22E71F20576E00FACE64 /* BaseViewController.m */,
				5C1B23041F20627900FACE64 /* GalleryViewController.h */,
				5C1B23051F20627900FACE64 /* GalleryViewController.m */,
				5C1B230A1F207CC400FACE64 /* ContainerViewController.h */,
				5C1B230B1F207CC400FACE64 /* ContainerViewController.m */,
			);
			path = Controller;
			sourceTree = "<group>";
		};
		5C1B22CF1F204D0D00FACE64 /* ChildController */ = {
			isa = PBXGroup;
			children = (
				5C1B230D1F207CEF00FACE64 /* MomentViewController.h */,
				5C1B230E1F207CEF00FACE64 /* MomentViewController.m */,
				5C1B23101F207CF900FACE64 /* AlbumViewController.h */,
				5C1B23111F207CF900FACE64 /* AlbumViewController.m */,
				5C1B231E1F20C2E000FACE64 /* AlbumPhotoController.h */,
				5C1B231F1F20C2E000FACE64 /* AlbumPhotoController.m */,
			);
			path = ChildController;
			sourceTree = "<group>";
		};
		5C1B22D01F204D0D00FACE64 /* DataManager */ = {
			isa = PBXGroup;
			children = (
				5C1B22E91F2059CE00FACE64 /* ImageDataAPI.h */,
				5C1B22EA1F2059CE00FACE64 /* ImageDataAPI.m */,
				5C1B22EC1F2059FC00FACE64 /* PHSourceManager.h */,
				5C1B22ED1F2059FC00FACE64 /* PHSourceManager.m */,
			);
			path = DataManager;
			sourceTree = "<group>";
		};
		5C1B22D11F204D0D00FACE64 /* DataModel */ = {
			isa = PBXGroup;
			children = (
				5C1B22EF1F205A4E00FACE64 /* MomentModel.h */,
				5C1B22F01F205A4E00FACE64 /* MomentModel.m */,
				5C1B22F21F205A6800FACE64 /* VRMomentModel.h */,
				5C1B22F31F205A6800FACE64 /* VRMomentModel.m */,
				5C1B22F51F205A7900FACE64 /* AlbumModel.h */,
				5C1B22F61F205A7900FACE64 /* AlbumModel.m */,
				5C1B22F81F205A8A00FACE64 /* VRAlbumModel.h */,
				5C1B22F91F205A8A00FACE64 /* VRAlbumModel.m */,
			);
			path = DataModel;
			sourceTree = "<group>";
		};
		5C1B22D21F204D0D00FACE64 /* DataSource */ = {
			isa = PBXGroup;
			children = (
				5C1B22FB1F205D5C00FACE64 /* BaseDataSource.h */,
				5C1B22FC1F205D5C00FACE64 /* BaseDataSource.m */,
				5C1B22FE1F205E3500FACE64 /* MomentDataSource.h */,
				5C1B22FF1F205E3500FACE64 /* MomentDataSource.m */,
				5C1B23011F205EFD00FACE64 /* AlbumDataSource.h */,
				5C1B23021F205EFD00FACE64 /* AlbumDataSource.m */,
			);
			path = DataSource;
			sourceTree = "<group>";
		};
		5C1B22D31F204D0D00FACE64 /* Layout */ = {
			isa = PBXGroup;
			children = (
				5C1B22DA1F204FF400FACE64 /* MomentFlowLayout.h */,
				5C1B22DB1F204FF400FACE64 /* MomentFlowLayout.m */,
			);
			path = Layout;
			sourceTree = "<group>";
		};
		5C1B22D41F204D0D00FACE64 /* View */ = {
			isa = PBXGroup;
			children = (
				5C1B22DD1F2051A400FACE64 /* EmptySegue.h */,
				5C1B22DE1F2051A400FACE64 /* EmptySegue.m */,
				5C1B23151F2097C500FACE64 /* SelectFooterView.h */,
				5C1B23161F2097C500FACE64 /* SelectFooterView.m */,
			);
			path = View;
			sourceTree = "<group>";
		};
		5C2D5CB61F2AEAB800DF1871 /* Tool */ = {
			isa = PBXGroup;
			children = (
				5C2D5CB71F2AEB1300DF1871 /* MBProgressText.h */,
				5C2D5CB81F2AEB1300DF1871 /* MBProgressText.m */,
			);
			path = Tool;
			sourceTree = "<group>";
		};
		5C89A4831F28621F00732EE6 /* MDVRLibrary */ = {
			isa = PBXGroup;
			children = (
				5C89A4841F28621F00732EE6 /* GLUtil.h */,
				5C89A4851F28621F00732EE6 /* GLUtil.m */,
				5C89A4861F28621F00732EE6 /* MD360Director.h */,
				5C89A4871F28621F00732EE6 /* MD360Director.m */,
				5C89A4881F28621F00732EE6 /* MD360Program.h */,
				5C89A4891F28621F00732EE6 /* MD360Program.m */,
				5C89A48A1F28621F00732EE6 /* MD360Renderer.h */,
				5C89A48B1F28621F00732EE6 /* MD360Renderer.m */,
				5C89A48C1F28621F00732EE6 /* MD360Texture.h */,
				5C89A48D1F28621F00732EE6 /* MD360Texture.m */,
				5C89A48E1F28621F00732EE6 /* MDAbsObject3D.h */,
				5C89A48F1F28621F00732EE6 /* MDAbsObject3D.m */,
				5C89A4901F28621F00732EE6 /* MDDisplayStrategy.h */,
				5C89A4911F28621F00732EE6 /* MDDisplayStrategy.m */,
				5C89A4921F28621F00732EE6 /* MDDome3D.m */,
				5C89A4931F28621F00732EE6 /* MDExt.h */,
				5C89A4941F28621F00732EE6 /* MDGLKViewController.h */,
				5C89A4951F28621F00732EE6 /* MDGLKViewController.m */,
				5C89A4961F28621F00732EE6 /* MDGLRendererDelegate.h */,
				5C89A4971F28621F00732EE6 /* MDIJKAdapter.m */,
				5C89A4981F28621F00732EE6 /* MDInteractiveStrategy.h */,
				5C89A4991F28621F00732EE6 /* MDInteractiveStrategy.m */,
				5C89A49A1F28621F00732EE6 /* MDModeStrategy.h */,
				5C89A49B1F28621F00732EE6 /* MDModeStrategy.m */,
				5C89A49C1F28621F00732EE6 /* MDObject3DHelper.h */,
				5C89A49D1F28621F00732EE6 /* MDObject3DHelper.m */,
				5C89A49E1F28621F00732EE6 /* MDPlane.m */,
				5C89A49F1F28621F00732EE6 /* MDPlaneScaleCalculator.h */,
				5C89A4A01F28621F00732EE6 /* MDPlaneScaleCalculator.m */,
				5C89A4A11F28621F00732EE6 /* MDProjectionStrategy.h */,
				5C89A4A21F28621F00732EE6 /* MDProjectionStrategy.m */,
				5C89A4A31F28621F00732EE6 /* MDRGBABitmapTexture.m */,
				5C89A4A41F28621F00732EE6 /* MDRGBAProgram.m */,
				5C89A4A51F28621F00732EE6 /* MDRGBAVideoTexture.m */,
				5C89A4A61F28621F00732EE6 /* MDSphere3D.m */,
				5C89A4A71F28621F00732EE6 /* MDStereoSphere3D.m */,
				5C89A4A81F28621F00732EE6 /* MDTouchHelper.h */,
				5C89A4A91F28621F00732EE6 /* MDTouchHelper.m */,
				5C89A4AA1F28621F00732EE6 /* MDVideoDataAdapter.h */,
				5C89A4AB1F28621F00732EE6 /* MDVideoDataAdatperAVPlayerImpl.h */,
				5C89A4AC1F28621F00732EE6 /* MDVideoDataAdatperAVPlayerImpl.m */,
				5C89A4AD1F28621F00732EE6 /* MDVideoFrameAdapter.m */,
				5C89A4AE1F28621F00732EE6 /* MDVRHeader.h */,
				5C89A4AF1F28621F00732EE6 /* MDVRLibrary.h */,
				5C89A4B01F28621F00732EE6 /* MDVRLibrary.m */,
				5C89A4B11F28621F00732EE6 /* MDYUV420PProgram.m */,
				5C89A4B21F28621F00732EE6 /* MDYUV420PVideoTexture.m */,
				5C89A4B31F28621F00732EE6 /* vrlibraw.bundle */,
			);
			path = MDVRLibrary;
			sourceTree = "<group>";
		};
		5CC5011A1F25BD8F00A2E06E /* VR_Preview */ = {
			isa = PBXGroup;
			children = (
				5CC5011B1F25BDC000A2E06E /* Controller */,
				5CC5011C1F25BDC000A2E06E /* View */,
			);
			path = VR_Preview;
			sourceTree = "<group>";
		};
		5CC5011B1F25BDC000A2E06E /* Controller */ = {
			isa = PBXGroup;
			children = (
				5CC5011D1F25BDDE00A2E06E /* VRPreviewController.h */,
				5CC5011E1F25BDDE00A2E06E /* VRPreviewController.m */,
			);
			path = Controller;
			sourceTree = "<group>";
		};
		5CC5011C1F25BDC000A2E06E /* View */ = {
			isa = PBXGroup;
			children = (
				5CC501201F25C9F400A2E06E /* ToolBar.h */,
				5CC501211F25C9F400A2E06E /* ToolBar.m */,
			);
			path = View;
			sourceTree = "<group>";
		};
		8C7ADDC1275EE367D1AE2EC4 /* Pods */ = {
			isa = PBXGroup;
			children = (
				F205431E903014D09100CD0E /* Pods-VR_Gallery.debug.xcconfig */,
				57B1A1C7953545B4140C9E15 /* Pods-VR_Gallery.release.xcconfig */,
			);
			name = Pods;
			sourceTree = "<group>";
		};
		EA75F6973A6AD05A2D2A5CE9 /* Frameworks */ = {
			isa = PBXGroup;
			children = (
				E9A8A98313CE426FEDB01065 /* libPods-VR_Gallery.a */,
			);
			name = Frameworks;
			sourceTree = "<group>";
		};
/* End PBXGroup section */

/* Begin PBXNativeTarget section */
		5C1B22811F1F4BB700FACE64 /* VR_Gallery */ = {
			isa = PBXNativeTarget;
			buildConfigurationList = 5C1B22991F1F4BB700FACE64 /* Build configuration list for PBXNativeTarget "VR_Gallery" */;
			buildPhases = (
				A9B668433E9820A9C27FB7C7 /* [CP] Check Pods Manifest.lock */,
				5C1B227E1F1F4BB700FACE64 /* Sources */,
				5C1B227F1F1F4BB700FACE64 /* Frameworks */,
				5C1B22801F1F4BB700FACE64 /* Resources */,
				91C921D601BA96E7CA571FDA /* [CP] Embed Pods Frameworks */,
				392B9D71AC40C5CFFA0F0F80 /* [CP] Copy Pods Resources */,
			);
			buildRules = (
			);
			dependencies = (
			);
			name = VR_Gallery;
			productName = VR_Gallery;
			productReference = 5C1B22821F1F4BB700FACE64 /* VR_Gallery.app */;
			productType = "com.apple.product-type.application";
		};
/* End PBXNativeTarget section */

/* Begin PBXProject section */
		5C1B227A1F1F4BB700FACE64 /* Project object */ = {
			isa = PBXProject;
			attributes = {
				CLASSPREFIX = "";
				LastUpgradeCheck = 0830;
				ORGANIZATIONNAME = haiJiang;
				TargetAttributes = {
					5C1B22811F1F4BB700FACE64 = {
						CreatedOnToolsVersion = 8.3.3;
						DevelopmentTeam = RG5N2563HN;
						ProvisioningStyle = Automatic;
					};
				};
			};
			buildConfigurationList = 5C1B227D1F1F4BB700FACE64 /* Build configuration list for PBXProject "VR_Gallery" */;
			compatibilityVersion = "Xcode 3.2";
			developmentRegion = English;
			hasScannedForEncodings = 0;
			knownRegions = (
				en,
				Base,
			);
			mainGroup = 5C1B22791F1F4BB700FACE64;
			productRefGroup = 5C1B22831F1F4BB700FACE64 /* Products */;
			projectDirPath = "";
			projectRoot = "";
			targets = (
				5C1B22811F1F4BB700FACE64 /* VR_Gallery */,
			);
		};
/* End PBXProject section */

/* Begin PBXResourcesBuildPhase section */
		5C1B22801F1F4BB700FACE64 /* Resources */ = {
			isa = PBXResourcesBuildPhase;
			buildActionMask = 2147483647;
			files = (
				5C89A4CF1F28621F00732EE6 /* vrlibraw.bundle in Resources */,
				5C1B22951F1F4BB700FACE64 /* LaunchScreen.storyboard in Resources */,
				5C1B22D91F204F5200FACE64 /* Gallery.storyboard in Resources */,
				5C1B22921F1F4BB700FACE64 /* Assets.xcassets in Resources */,
			);
			runOnlyForDeploymentPostprocessing = 0;
		};
/* End PBXResourcesBuildPhase section */

/* Begin PBXShellScriptBuildPhase section */
		392B9D71AC40C5CFFA0F0F80 /* [CP] Copy Pods Resources */ = {
			isa = PBXShellScriptBuildPhase;
			buildActionMask = 2147483647;
			files = (
			);
			inputPaths = (
			);
			name = "[CP] Copy Pods Resources";
			outputPaths = (
			);
			runOnlyForDeploymentPostprocessing = 0;
			shellPath = /bin/sh;
			shellScript = "\"${SRCROOT}/Pods/Target Support Files/Pods-VR_Gallery/Pods-VR_Gallery-resources.sh\"\n";
			showEnvVarsInLog = 0;
		};
		91C921D601BA96E7CA571FDA /* [CP] Embed Pods Frameworks */ = {
			isa = PBXShellScriptBuildPhase;
			buildActionMask = 2147483647;
			files = (
			);
			inputPaths = (
			);
			name = "[CP] Embed Pods Frameworks";
			outputPaths = (
			);
			runOnlyForDeploymentPostprocessing = 0;
			shellPath = /bin/sh;
			shellScript = "\"${SRCROOT}/Pods/Target Support Files/Pods-VR_Gallery/Pods-VR_Gallery-frameworks.sh\"\n";
			showEnvVarsInLog = 0;
		};
		A9B668433E9820A9C27FB7C7 /* [CP] Check Pods Manifest.lock */ = {
			isa = PBXShellScriptBuildPhase;
			buildActionMask = 2147483647;
			files = (
			);
			inputPaths = (
			);
			name = "[CP] Check Pods Manifest.lock";
			outputPaths = (
			);
			runOnlyForDeploymentPostprocessing = 0;
			shellPath = /bin/sh;
			shellScript = "diff \"${PODS_ROOT}/../Podfile.lock\" \"${PODS_ROOT}/Manifest.lock\" > /dev/null\nif [ $? != 0 ] ; then\n    # print error to STDERR\n    echo \"error: The sandbox is not in sync with the Podfile.lock. Run 'pod install' or update your CocoaPods installation.\" >&2\n    exit 1\nfi\n";
			showEnvVarsInLog = 0;
		};
/* End PBXShellScriptBuildPhase section */

/* Begin PBXSourcesBuildPhase section */
		5C1B227E1F1F4BB700FACE64 /* Sources */ = {
			isa = PBXSourcesBuildPhase;
			buildActionMask = 2147483647;
			files = (
				5C89A4CD1F28621F00732EE6 /* MDYUV420PProgram.m in Sources */,
				5C1B23121F207CF900FACE64 /* AlbumViewController.m in Sources */,
				5C1B23001F205E3500FACE64 /* MomentDataSource.m in Sources */,
				5C89A4BF1F28621F00732EE6 /* MDModeStrategy.m in Sources */,
				5C1B22EE1F2059FC00FACE64 /* PHSourceManager.m in Sources */,
				5C1B23201F20C2E000FACE64 /* AlbumPhotoController.m in Sources */,
				5C1B22E81F20576E00FACE64 /* BaseViewController.m in Sources */,
				5C89A4C41F28621F00732EE6 /* MDRGBABitmapTexture.m in Sources */,
				5C1B22FA1F205A8A00FACE64 /* VRAlbumModel.m in Sources */,
				5C5F289A1F219844008A92EA /* AlbumPhotoCell.m in Sources */,
				5C2D5CB91F2AEB1300DF1871 /* MBProgressText.m in Sources */,
				5C1B22A41F204AC000FACE64 /* UIColor+Addition.m in Sources */,
				5C89A4B51F28621F00732EE6 /* MD360Director.m in Sources */,
				5C1B22F11F205A4E00FACE64 /* MomentModel.m in Sources */,
				5C1B22C41F204B1F00FACE64 /* MWGridCell.m in Sources */,
				5C1B22DC1F204FF400FACE64 /* MomentFlowLayout.m in Sources */,
				5C89A4BB1F28621F00732EE6 /* MDDome3D.m in Sources */,
				5CC501221F25C9F400A2E06E /* ToolBar.m in Sources */,
				5C1B22C91F204B1F00FACE64 /* MWTapDetectingView.m in Sources */,
				5C1B22C51F204B1F00FACE64 /* MWGridViewController.m in Sources */,
				5C1B22F41F205A6800FACE64 /* VRMomentModel.m in Sources */,
				5C1B22C71F204B1F00FACE64 /* MWPhotoBrowser.m in Sources */,
				5C1B22E21F2052F500FACE64 /* MomentCell.m in Sources */,
				5C1B22C81F204B1F00FACE64 /* MWTapDetectingImageView.m in Sources */,
				5C89A4C91F28621F00732EE6 /* MDTouchHelper.m in Sources */,
				5C89A4C11F28621F00732EE6 /* MDPlane.m in Sources */,
				5C1B230C1F207CC400FACE64 /* ContainerViewController.m in Sources */,
				5C1B22FD1F205D5C00FACE64 /* BaseDataSource.m in Sources */,
				5C89A4C31F28621F00732EE6 /* MDProjectionStrategy.m in Sources */,
				5C1B22C11F204B1F00FACE64 /* DACircularProgressView.m in Sources */,
				5C1B22871F1F4BB700FACE64 /* main.m in Sources */,
				5C1B22CA1F204B1F00FACE64 /* MWZoomingScrollView.m in Sources */,
				5C89A4C01F28621F00732EE6 /* MDObject3DHelper.m in Sources */,
				5C89A4BD1F28621F00732EE6 /* MDIJKAdapter.m in Sources */,
				5C1B22E51F20552800FACE64 /* AlbumCell.m in Sources */,
				5C89A4C71F28621F00732EE6 /* MDSphere3D.m in Sources */,
				5C89A4CE1F28621F00732EE6 /* MDYUV420PVideoTexture.m in Sources */,
				5C89A4C61F28621F00732EE6 /* MDRGBAVideoTexture.m in Sources */,
				5C89A4CA1F28621F00732EE6 /* MDVideoDataAdatperAVPlayerImpl.m in Sources */,
				5C89A4CC1F28621F00732EE6 /* MDVRLibrary.m in Sources */,
				5C1B22CB1F204B1F00FACE64 /* UIImage+MWPhotoBrowser.m in Sources */,
				5C1B22F71F205A7900FACE64 /* AlbumModel.m in Sources */,
				5C89A4B61F28621F00732EE6 /* MD360Program.m in Sources */,
				5C1B22C31F204B1F00FACE64 /* MWCaptionView.m in Sources */,
				5C89A4B81F28621F00732EE6 /* MD360Texture.m in Sources */,
				5C89A4BC1F28621F00732EE6 /* MDGLKViewController.m in Sources */,
				5C1B229F1F1F4C0B00FACE64 /* AppDelegate.m in Sources */,
				5C1B22EB1F2059CE00FACE64 /* ImageDataAPI.m in Sources */,
				5C89A4B41F28621F00732EE6 /* GLUtil.m in Sources */,
				5C89A4C81F28621F00732EE6 /* MDStereoSphere3D.m in Sources */,
				5C5F289D1F21E0DB008A92EA /* CustomButton.m in Sources */,
				5C1B23031F205EFD00FACE64 /* AlbumDataSource.m in Sources */,
				5C1B23171F2097C500FACE64 /* SelectFooterView.m in Sources */,
				5C89A4B71F28621F00732EE6 /* MD360Renderer.m in Sources */,
				5C1B22C61F204B1F00FACE64 /* MWPhoto.m in Sources */,
				5C89A4C21F28621F00732EE6 /* MDPlaneScaleCalculator.m in Sources */,
				5C89A4C51F28621F00732EE6 /* MDRGBAProgram.m in Sources */,
				5C1B22C21F204B1F00FACE64 /* DALabeledCircularProgressView.m in Sources */,
				5C89A4CB1F28621F00732EE6 /* MDVideoFrameAdapter.m in Sources */,
				5C89A4BE1F28621F00732EE6 /* MDInteractiveStrategy.m in Sources */,
				5C89A4BA1F28621F00732EE6 /* MDDisplayStrategy.m in Sources */,
				5C89A4B91F28621F00732EE6 /* MDAbsObject3D.m in Sources */,
				5C1B230F1F207CEF00FACE64 /* MomentViewController.m in Sources */,
				5C1B23061F20627900FACE64 /* GalleryViewController.m in Sources */,
				5C1B22DF1F2051A400FACE64 /* EmptySegue.m in Sources */,
				5CC5011F1F25BDDE00A2E06E /* VRPreviewController.m in Sources */,
			);
			runOnlyForDeploymentPostprocessing = 0;
		};
/* End PBXSourcesBuildPhase section */

/* Begin PBXVariantGroup section */
		5C1B22931F1F4BB700FACE64 /* LaunchScreen.storyboard */ = {
			isa = PBXVariantGroup;
			children = (
				5C1B22941F1F4BB700FACE64 /* Base */,
			);
			name = LaunchScreen.storyboard;
			sourceTree = "<group>";
		};
/* End PBXVariantGroup section */

/* Begin XCBuildConfiguration section */
		5C1B22971F1F4BB700FACE64 /* Debug */ = {
			isa = XCBuildConfiguration;
			buildSettings = {
				ALWAYS_SEARCH_USER_PATHS = NO;
				CLANG_ANALYZER_NONNULL = YES;
				CLANG_ANALYZER_NUMBER_OBJECT_CONVERSION = YES_AGGRESSIVE;
				CLANG_CXX_LANGUAGE_STANDARD = "gnu++0x";
				CLANG_CXX_LIBRARY = "libc++";
				CLANG_ENABLE_MODULES = YES;
				CLANG_ENABLE_OBJC_ARC = YES;
				CLANG_WARN_BOOL_CONVERSION = YES;
				CLANG_WARN_CONSTANT_CONVERSION = YES;
				CLANG_WARN_DIRECT_OBJC_ISA_USAGE = YES_ERROR;
				CLANG_WARN_DOCUMENTATION_COMMENTS = YES;
				CLANG_WARN_EMPTY_BODY = YES;
				CLANG_WARN_ENUM_CONVERSION = YES;
				CLANG_WARN_INFINITE_RECURSION = YES;
				CLANG_WARN_INT_CONVERSION = YES;
				CLANG_WARN_OBJC_ROOT_CLASS = YES_ERROR;
				CLANG_WARN_SUSPICIOUS_MOVE = YES;
				CLANG_WARN_UNREACHABLE_CODE = YES;
				CLANG_WARN__DUPLICATE_METHOD_MATCH = YES;
				"CODE_SIGN_IDENTITY[sdk=iphoneos*]" = "iPhone Developer";
				COPY_PHASE_STRIP = NO;
				DEBUG_INFORMATION_FORMAT = dwarf;
				ENABLE_STRICT_OBJC_MSGSEND = YES;
				ENABLE_TESTABILITY = YES;
				GCC_C_LANGUAGE_STANDARD = gnu99;
				GCC_DYNAMIC_NO_PIC = NO;
				GCC_NO_COMMON_BLOCKS = YES;
				GCC_OPTIMIZATION_LEVEL = 0;
				GCC_PREPROCESSOR_DEFINITIONS = (
					"DEBUG=1",
					"$(inherited)",
				);
				GCC_WARN_64_TO_32_BIT_CONVERSION = YES;
				GCC_WARN_ABOUT_RETURN_TYPE = YES_ERROR;
				GCC_WARN_UNDECLARED_SELECTOR = YES;
				GCC_WARN_UNINITIALIZED_AUTOS = YES_AGGRESSIVE;
				GCC_WARN_UNUSED_FUNCTION = YES;
				GCC_WARN_UNUSED_VARIABLE = YES;
				IPHONEOS_DEPLOYMENT_TARGET = 10.3;
				MTL_ENABLE_DEBUG_INFO = YES;
				ONLY_ACTIVE_ARCH = YES;
				SDKROOT = iphoneos;
			};
			name = Debug;
		};
		5C1B22981F1F4BB700FACE64 /* Release */ = {
			isa = XCBuildConfiguration;
			buildSettings = {
				ALWAYS_SEARCH_USER_PATHS = NO;
				CLANG_ANALYZER_NONNULL = YES;
				CLANG_ANALYZER_NUMBER_OBJECT_CONVERSION = YES_AGGRESSIVE;
				CLANG_CXX_LANGUAGE_STANDARD = "gnu++0x";
				CLANG_CXX_LIBRARY = "libc++";
				CLANG_ENABLE_MODULES = YES;
				CLANG_ENABLE_OBJC_ARC = YES;
				CLANG_WARN_BOOL_CONVERSION = YES;
				CLANG_WARN_CONSTANT_CONVERSION = YES;
				CLANG_WARN_DIRECT_OBJC_ISA_USAGE = YES_ERROR;
				CLANG_WARN_DOCUMENTATION_COMMENTS = YES;
				CLANG_WARN_EMPTY_BODY = YES;
				CLANG_WARN_ENUM_CONVERSION = YES;
				CLANG_WARN_INFINITE_RECURSION = YES;
				CLANG_WARN_INT_CONVERSION = YES;
				CLANG_WARN_OBJC_ROOT_CLASS = YES_ERROR;
				CLANG_WARN_SUSPICIOUS_MOVE = YES;
				CLANG_WARN_UNREACHABLE_CODE = YES;
				CLANG_WARN__DUPLICATE_METHOD_MATCH = YES;
				"CODE_SIGN_IDENTITY[sdk=iphoneos*]" = "iPhone Developer";
				COPY_PHASE_STRIP = NO;
				DEBUG_INFORMATION_FORMAT = "dwarf-with-dsym";
				ENABLE_NS_ASSERTIONS = NO;
				ENABLE_STRICT_OBJC_MSGSEND = YES;
				GCC_C_LANGUAGE_STANDARD = gnu99;
				GCC_NO_COMMON_BLOCKS = YES;
				GCC_WARN_64_TO_32_BIT_CONVERSION = YES;
				GCC_WARN_ABOUT_RETURN_TYPE = YES_ERROR;
				GCC_WARN_UNDECLARED_SELECTOR = YES;
				GCC_WARN_UNINITIALIZED_AUTOS = YES_AGGRESSIVE;
				GCC_WARN_UNUSED_FUNCTION = YES;
				GCC_WARN_UNUSED_VARIABLE = YES;
				IPHONEOS_DEPLOYMENT_TARGET = 10.3;
				MTL_ENABLE_DEBUG_INFO = NO;
				SDKROOT = iphoneos;
				VALIDATE_PRODUCT = YES;
			};
			name = Release;
		};
		5C1B229A1F1F4BB700FACE64 /* Debug */ = {
			isa = XCBuildConfiguration;
			baseConfigurationReference = F205431E903014D09100CD0E /* Pods-VR_Gallery.debug.xcconfig */;
			buildSettings = {
				ASSETCATALOG_COMPILER_APPICON_NAME = AppIcon;
				DEVELOPMENT_TEAM = RG5N2563HN;
				GCC_PRECOMPILE_PREFIX_HEADER = YES;
				GCC_PREFIX_HEADER = "$(SRCROOT)/VR_Gallery/Application/PrefixHeader.pch";
				INFOPLIST_FILE = VR_Gallery/Info.plist;
				IPHONEOS_DEPLOYMENT_TARGET = 9.0;
				LD_RUNPATH_SEARCH_PATHS = "$(inherited) @executable_path/Frameworks";
				PRODUCT_BUNDLE_IDENTIFIER = "com.haiJiang.VR-Gallery";
				PRODUCT_NAME = "$(TARGET_NAME)";
			};
			name = Debug;
		};
		5C1B229B1F1F4BB700FACE64 /* Release */ = {
			isa = XCBuildConfiguration;
			baseConfigurationReference = 57B1A1C7953545B4140C9E15 /* Pods-VR_Gallery.release.xcconfig */;
			buildSettings = {
				ASSETCATALOG_COMPILER_APPICON_NAME = AppIcon;
				DEVELOPMENT_TEAM = RG5N2563HN;
				GCC_PRECOMPILE_PREFIX_HEADER = YES;
				GCC_PREFIX_HEADER = "$(SRCROOT)/VR_Gallery/Application/PrefixHeader.pch";
				INFOPLIST_FILE = VR_Gallery/Info.plist;
				IPHONEOS_DEPLOYMENT_TARGET = 9.0;
				LD_RUNPATH_SEARCH_PATHS = "$(inherited) @executable_path/Frameworks";
				PRODUCT_BUNDLE_IDENTIFIER = "com.haiJiang.VR-Gallery";
				PRODUCT_NAME = "$(TARGET_NAME)";
			};
			name = Release;
		};
/* End XCBuildConfiguration section */

/* Begin XCConfigurationList section */
		5C1B227D1F1F4BB700FACE64 /* Build configuration list for PBXProject "VR_Gallery" */ = {
			isa = XCConfigurationList;
			buildConfigurations = (
				5C1B22971F1F4BB700FACE64 /* Debug */,
				5C1B22981F1F4BB700FACE64 /* Release */,
			);
			defaultConfigurationIsVisible = 0;
			defaultConfigurationName = Release;
		};
		5C1B22991F1F4BB700FACE64 /* Build configuration list for PBXNativeTarget "VR_Gallery" */ = {
			isa = XCConfigurationList;
			buildConfigurations = (
				5C1B229A1F1F4BB700FACE64 /* Debug */,
				5C1B229B1F1F4BB700FACE64 /* Release */,
			);
			defaultConfigurationIsVisible = 0;
			defaultConfigurationName = Release;
		};
/* End XCConfigurationList section */
	};
	rootObject = 5C1B227A1F1F4BB700FACE64 /* Project object */;
}
